
Microsoft Visual Studio Solution File, Format Version 12.00
# Visual Studio 15
VisualStudioVersion = 15.0.27703.2000
MinimumVisualStudioVersion = 10.0.40219.1
Project("{FAE04EC0-301F-11D3-BF4B-00C04F79EFBC}") = "UnitTestProject1", "UnitTestProject1\UnitTestProject1.csproj", "{9DBE87B9-27A8-49F1-9836-4893F6864E18}"
EndProject
Global
	GlobalSection(SolutionConfigurationPlatforms) = preSolution
		Debug|Any CPU = Debug|Any CPU
		Release|Any CPU = Release|Any CPU
	EndGlobalSection
	GlobalSection(ProjectConfigurationPlatforms) = postSolution
		{9DBE87B9-27A8-49F1-9836-4893F6864E18}.Debug|Any CPU.ActiveCfg = Debug|Any CPU
		{9DBE87B9-27A8-49F1-9836-4893F6864E18}.Debug|Any CPU.Build.0 = Debug|Any CPU
		{9DBE87B9-27A8-49F1-9836-4893F6864E18}.Release|Any CPU.ActiveCfg = Release|Any CPU
		{9DBE87B9-27A8-49F1-9836-4893F6864E18}.Release|Any CPU.Build.0 = Release|Any CPU
	EndGlobalSection
	GlobalSection(SolutionProperties) = preSolution
		HideSolutionNode = FALSE
	EndGlobalSection
	GlobalSection(ExtensibilityGlobals) = postSolution
		SolutionGuid = {DEF8CD38-1D23-41DF-ABFF-9B78D966A8AD}
	EndGlobalSection
EndGlobal
